// !$*UTF8*$!
{
	archiveVersion = 1;
	classes = {
	};
	objectVersion = 46;
	objects = {

/* Begin PBXBuildFile section */
		7F087F071B46EF130044A9B9 /* JSONWriter.m in Sources */ = {isa = PBXBuildFile; fileRef = 7F087F061B46EF130044A9B9 /* JSONWriter.m */; };
		7F30AC0F1AC7FBF700F85184 /* AppDelegate.m in Sources */ = {isa = PBXBuildFile; fileRef = 7F30AC0E1AC7FBF700F85184 /* AppDelegate.m */; };
		7F30AC111AC7FBF700F85184 /* main.m in Sources */ = {isa = PBXBuildFile; fileRef = 7F30AC101AC7FBF700F85184 /* main.m */; };
		7F30AC141AC7FBF700F85184 /* ViewController.m in Sources */ = {isa = PBXBuildFile; fileRef = 7F30AC131AC7FBF700F85184 /* ViewController.m */; };
		7F30AC161AC7FBF700F85184 /* Images.xcassets in Resources */ = {isa = PBXBuildFile; fileRef = 7F30AC151AC7FBF700F85184 /* Images.xcassets */; };
		7F30AC191AC7FBF800F85184 /* Main.storyboard in Resources */ = {isa = PBXBuildFile; fileRef = 7F30AC171AC7FBF800F85184 /* Main.storyboard */; };
		7F30AC251AC7FBF800F85184 /* MPUtilsTests.m in Sources */ = {isa = PBXBuildFile; fileRef = 7F30AC241AC7FBF800F85184 /* MPUtilsTests.m */; };
		7F30AC481AC7FCC300F85184 /* CHCSVParser.m in Sources */ = {isa = PBXBuildFile; fileRef = 7F30AC471AC7FCC300F85184 /* CHCSVParser.m */; };
		7F30AC551AC7FD1700F85184 /* ExportRequest.m in Sources */ = {isa = PBXBuildFile; fileRef = 7F30AC541AC7FD1700F85184 /* ExportRequest.m */; };
		7F30AC581AC7FE6E00F85184 /* MPUConstants.m in Sources */ = {isa = PBXBuildFile; fileRef = 7F30AC571AC7FE6E00F85184 /* MPUConstants.m */; };
		7F30AC5C1AC7FE8700F85184 /* NewProjectViewController.m in Sources */ = {isa = PBXBuildFile; fileRef = 7F30AC5B1AC7FE8700F85184 /* NewProjectViewController.m */; };
		7F30AC611AC8007700F85184 /* NSString+Hashes.m in Sources */ = {isa = PBXBuildFile; fileRef = 7F30AC601AC8007700F85184 /* NSString+Hashes.m */; };
		7F609C771AC845EF00807CA6 /* CSVWriter.m in Sources */ = {isa = PBXBuildFile; fileRef = 7F609C761AC845EF00807CA6 /* CSVWriter.m */; };
		7F862C7B1AD5885900968B1D /* ProjectEditViewController.m in Sources */ = {isa = PBXBuildFile; fileRef = 7F862C7A1AD5885900968B1D /* ProjectEditViewController.m */; };
		C9A3A1D447FF071B1253AD8A /* libPods.a in Frameworks */ = {isa = PBXBuildFile; fileRef = 2520AD2E8E9D3B7257C95380 /* libPods.a */; };
/* End PBXBuildFile section */

/* Begin PBXContainerItemProxy section */
		7F30AC1F1AC7FBF800F85184 /* PBXContainerItemProxy */ = {
			isa = PBXContainerItemProxy;
			containerPortal = 7F30AC001AC7FBF700F85184 /* Project object */;
			proxyType = 1;
			remoteGlobalIDString = 7F30AC071AC7FBF700F85184;
			remoteInfo = MPUtils;
		};
/* End PBXContainerItemProxy section */

/* Begin PBXCopyFilesBuildPhase section */
		7F30AC331AC7FC1E00F85184 /* Embed Frameworks */ = {
			isa = PBXCopyFilesBuildPhase;
			buildActionMask = 2147483647;
			dstPath = "";
			dstSubfolderSpec = 10;
			files = (
			);
			name = "Embed Frameworks";
			runOnlyForDeploymentPostprocessing = 0;
		};
/* End PBXCopyFilesBuildPhase section */

/* Begin PBXFileReference section */
		2520AD2E8E9D3B7257C95380 /* libPods.a */ = {isa = PBXFileReference; explicitFileType = archive.ar; includeInIndex = 0; path = libPods.a; sourceTree = BUILT_PRODUCTS_DIR; };
		7F087F051B46EF130044A9B9 /* JSONWriter.h */ = {isa = PBXFileReference; fileEncoding = 4; lastKnownFileType = sourcecode.c.h; path = JSONWriter.h; sourceTree = "<group>"; };
		7F087F061B46EF130044A9B9 /* JSONWriter.m */ = {isa = PBXFileReference; fileEncoding = 4; lastKnownFileType = sourcecode.c.objc; path = JSONWriter.m; sourceTree = "<group>"; };
		7F30AC081AC7FBF700F85184 /* MPUtils.app */ = {isa = PBXFileReference; explicitFileType = wrapper.application; includeInIndex = 0; path = MPUtils.app; sourceTree = BUILT_PRODUCTS_DIR; };
		7F30AC0C1AC7FBF700F85184 /* Info.plist */ = {isa = PBXFileReference; lastKnownFileType = text.plist.xml; path = Info.plist; sourceTree = "<group>"; };
		7F30AC0D1AC7FBF700F85184 /* AppDelegate.h */ = {isa = PBXFileReference; lastKnownFileType = sourcecode.c.h; path = AppDelegate.h; sourceTree = "<group>"; };
		7F30AC0E1AC7FBF700F85184 /* AppDelegate.m */ = {isa = PBXFileReference; lastKnownFileType = sourcecode.c.objc; path = AppDelegate.m; sourceTree = "<group>"; };
		7F30AC101AC7FBF700F85184 /* main.m */ = {isa = PBXFileReference; lastKnownFileType = sourcecode.c.objc; path = main.m; sourceTree = "<group>"; };
		7F30AC121AC7FBF700F85184 /* ViewController.h */ = {isa = PBXFileReference; lastKnownFileType = sourcecode.c.h; path = ViewController.h; sourceTree = "<group>"; };
		7F30AC131AC7FBF700F85184 /* ViewController.m */ = {isa = PBXFileReference; lastKnownFileType = sourcecode.c.objc; path = ViewController.m; sourceTree = "<group>"; };
		7F30AC151AC7FBF700F85184 /* Images.xcassets */ = {isa = PBXFileReference; lastKnownFileType = folder.assetcatalog; path = Images.xcassets; sourceTree = "<group>"; };
		7F30AC181AC7FBF800F85184 /* Base */ = {isa = PBXFileReference; lastKnownFileType = file.storyboard; name = Base; path = Base.lproj/Main.storyboard; sourceTree = "<group>"; };
		7F30AC1E1AC7FBF800F85184 /* MPUtilsTests.xctest */ = {isa = PBXFileReference; explicitFileType = wrapper.cfbundle; includeInIndex = 0; path = MPUtilsTests.xctest; sourceTree = BUILT_PRODUCTS_DIR; };
		7F30AC231AC7FBF800F85184 /* Info.plist */ = {isa = PBXFileReference; lastKnownFileType = text.plist.xml; path = Info.plist; sourceTree = "<group>"; };
		7F30AC241AC7FBF800F85184 /* MPUtilsTests.m */ = {isa = PBXFileReference; lastKnownFileType = sourcecode.c.objc; path = MPUtilsTests.m; sourceTree = "<group>"; };
		7F30AC461AC7FCC300F85184 /* CHCSVParser.h */ = {isa = PBXFileReference; fileEncoding = 4; lastKnownFileType = sourcecode.c.h; name = CHCSVParser.h; path = CHCSVParser/CHCSVParser.h; sourceTree = "<group>"; };
		7F30AC471AC7FCC300F85184 /* CHCSVParser.m */ = {isa = PBXFileReference; fileEncoding = 4; lastKnownFileType = sourcecode.c.objc; name = CHCSVParser.m; path = CHCSVParser/CHCSVParser.m; sourceTree = "<group>"; };
		7F30AC531AC7FD1700F85184 /* ExportRequest.h */ = {isa = PBXFileReference; fileEncoding = 4; lastKnownFileType = sourcecode.c.h; path = ExportRequest.h; sourceTree = "<group>"; };
		7F30AC541AC7FD1700F85184 /* ExportRequest.m */ = {isa = PBXFileReference; fileEncoding = 4; lastKnownFileType = sourcecode.c.objc; path = ExportRequest.m; sourceTree = "<group>"; };
		7F30AC561AC7FE6E00F85184 /* MPUConstants.h */ = {isa = PBXFileReference; fileEncoding = 4; lastKnownFileType = sourcecode.c.h; path = MPUConstants.h; sourceTree = "<group>"; };
		7F30AC571AC7FE6E00F85184 /* MPUConstants.m */ = {isa = PBXFileReference; fileEncoding = 4; lastKnownFileType = sourcecode.c.objc; path = MPUConstants.m; sourceTree = "<group>"; };
		7F30AC5A1AC7FE8700F85184 /* NewProjectViewController.h */ = {isa = PBXFileReference; fileEncoding = 4; lastKnownFileType = sourcecode.c.h; name = NewProjectViewController.h; path = View/NewProjectViewController.h; sourceTree = "<group>"; };
		7F30AC5B1AC7FE8700F85184 /* NewProjectViewController.m */ = {isa = PBXFileReference; fileEncoding = 4; lastKnownFileType = sourcecode.c.objc; name = NewProjectViewController.m; path = View/NewProjectViewController.m; sourceTree = "<group>"; };
		7F30AC5F1AC8007700F85184 /* NSString+Hashes.h */ = {isa = PBXFileReference; fileEncoding = 4; lastKnownFileType = sourcecode.c.h; path = "NSString+Hashes.h"; sourceTree = "<group>"; };
		7F30AC601AC8007700F85184 /* NSString+Hashes.m */ = {isa = PBXFileReference; fileEncoding = 4; lastKnownFileType = sourcecode.c.objc; path = "NSString+Hashes.m"; sourceTree = "<group>"; };
		7F609C751AC845EF00807CA6 /* CSVWriter.h */ = {isa = PBXFileReference; fileEncoding = 4; lastKnownFileType = sourcecode.c.h; path = CSVWriter.h; sourceTree = "<group>"; };
		7F609C761AC845EF00807CA6 /* CSVWriter.m */ = {isa = PBXFileReference; fileEncoding = 4; lastKnownFileType = sourcecode.c.objc; path = CSVWriter.m; sourceTree = "<group>"; };
		7F862C791AD5885900968B1D /* ProjectEditViewController.h */ = {isa = PBXFileReference; fileEncoding = 4; lastKnownFileType = sourcecode.c.h; name = ProjectEditViewController.h; path = View/ProjectEditViewController.h; sourceTree = "<group>"; };
		7F862C7A1AD5885900968B1D /* ProjectEditViewController.m */ = {isa = PBXFileReference; fileEncoding = 4; lastKnownFileType = sourcecode.c.objc; name = ProjectEditViewController.m; path = View/ProjectEditViewController.m; sourceTree = "<group>"; };
		C40F948E161298748CCD40DE /* Pods.debug.xcconfig */ = {isa = PBXFileReference; includeInIndex = 1; lastKnownFileType = text.xcconfig; name = Pods.debug.xcconfig; path = "Pods/Target Support Files/Pods/Pods.debug.xcconfig"; sourceTree = "<group>"; };
		C5DF7360311B9FAEEFD7DED7 /* Pods.release.xcconfig */ = {isa = PBXFileReference; includeInIndex = 1; lastKnownFileType = text.xcconfig; name = Pods.release.xcconfig; path = "Pods/Target Support Files/Pods/Pods.release.xcconfig"; sourceTree = "<group>"; };
/* End PBXFileReference section */

/* Begin PBXFrameworksBuildPhase section */
		7F30AC051AC7FBF700F85184 /* Frameworks */ = {
			isa = PBXFrameworksBuildPhase;
			buildActionMask = 2147483647;
			files = (
				C9A3A1D447FF071B1253AD8A /* libPods.a in Frameworks */,
			);
			runOnlyForDeploymentPostprocessing = 0;
		};
		7F30AC1B1AC7FBF800F85184 /* Frameworks */ = {
			isa = PBXFrameworksBuildPhase;
			buildActionMask = 2147483647;
			files = (
			);
			runOnlyForDeploymentPostprocessing = 0;
		};
/* End PBXFrameworksBuildPhase section */

/* Begin PBXGroup section */
		7F087F041B46ECF50044A9B9 /* Controllers */ = {
			isa = PBXGroup;
			children = (
				7F30AC121AC7FBF700F85184 /* ViewController.h */,
				7F30AC131AC7FBF700F85184 /* ViewController.m */,
				7F862C791AD5885900968B1D /* ProjectEditViewController.h */,
				7F862C7A1AD5885900968B1D /* ProjectEditViewController.m */,
				7F30AC5A1AC7FE8700F85184 /* NewProjectViewController.h */,
				7F30AC5B1AC7FE8700F85184 /* NewProjectViewController.m */,
			);
			name = Controllers;
			sourceTree = "<group>";
		};
		7F30ABFF1AC7FBF700F85184 = {
			isa = PBXGroup;
			children = (
				7F30AC0A1AC7FBF700F85184 /* MPUtils */,
				7F30AC491AC7FCC900F85184 /* CHCSVParser */,
				7F30AC5E1AC8006200F85184 /* NSString+Hashes */,
				7F30AC2E1AC7FC1600F85184 /* Frameworks */,
				7F30AC211AC7FBF800F85184 /* MPUtilsTests */,
				7F30AC091AC7FBF700F85184 /* Products */,
				870FF5550BA184D3AE49116D /* Pods */,
			);
			sourceTree = "<group>";
		};
		7F30AC091AC7FBF700F85184 /* Products */ = {
			isa = PBXGroup;
			children = (
				7F30AC081AC7FBF700F85184 /* MPUtils.app */,
				7F30AC1E1AC7FBF800F85184 /* MPUtilsTests.xctest */,
			);
			name = Products;
			sourceTree = "<group>";
		};
		7F30AC0A1AC7FBF700F85184 /* MPUtils */ = {
			isa = PBXGroup;
			children = (
				7F30AC0D1AC7FBF700F85184 /* AppDelegate.h */,
				7F30AC0E1AC7FBF700F85184 /* AppDelegate.m */,
				7F30AC531AC7FD1700F85184 /* ExportRequest.h */,
				7F30AC541AC7FD1700F85184 /* ExportRequest.m */,
				7F609C751AC845EF00807CA6 /* CSVWriter.h */,
				7F609C761AC845EF00807CA6 /* CSVWriter.m */,
				7F087F051B46EF130044A9B9 /* JSONWriter.h */,
				7F087F061B46EF130044A9B9 /* JSONWriter.m */,
				7F087F041B46ECF50044A9B9 /* Controllers */,
				7F30AC591AC7FE8700F85184 /* View */,
				7F30AC151AC7FBF700F85184 /* Images.xcassets */,
				7F30AC0B1AC7FBF700F85184 /* Supporting Files */,
			);
			path = MPUtils;
			sourceTree = "<group>";
		};
		7F30AC0B1AC7FBF700F85184 /* Supporting Files */ = {
			isa = PBXGroup;
			children = (
				7F30AC561AC7FE6E00F85184 /* MPUConstants.h */,
				7F30AC571AC7FE6E00F85184 /* MPUConstants.m */,
				7F30AC0C1AC7FBF700F85184 /* Info.plist */,
				7F30AC101AC7FBF700F85184 /* main.m */,
			);
			name = "Supporting Files";
			sourceTree = "<group>";
		};
		7F30AC211AC7FBF800F85184 /* MPUtilsTests */ = {
			isa = PBXGroup;
			children = (
				7F30AC241AC7FBF800F85184 /* MPUtilsTests.m */,
				7F30AC221AC7FBF800F85184 /* Supporting Files */,
			);
			path = MPUtilsTests;
			sourceTree = "<group>";
		};
		7F30AC221AC7FBF800F85184 /* Supporting Files */ = {
			isa = PBXGroup;
			children = (
				7F30AC231AC7FBF800F85184 /* Info.plist */,
			);
			name = "Supporting Files";
			sourceTree = "<group>";
		};
		7F30AC2E1AC7FC1600F85184 /* Frameworks */ = {
			isa = PBXGroup;
			children = (
				2520AD2E8E9D3B7257C95380 /* libPods.a */,
			);
			path = Frameworks;
			sourceTree = "<group>";
		};
		7F30AC491AC7FCC900F85184 /* CHCSVParser */ = {
			isa = PBXGroup;
			children = (
				7F30AC461AC7FCC300F85184 /* CHCSVParser.h */,
				7F30AC471AC7FCC300F85184 /* CHCSVParser.m */,
			);
			name = CHCSVParser;
			sourceTree = "<group>";
		};
		7F30AC591AC7FE8700F85184 /* View */ = {
			isa = PBXGroup;
			children = (
				7F30AC171AC7FBF800F85184 /* Main.storyboard */,
			);
			path = View;
			sourceTree = "<group>";
		};
		7F30AC5E1AC8006200F85184 /* NSString+Hashes */ = {
			isa = PBXGroup;
			children = (
				7F30AC5F1AC8007700F85184 /* NSString+Hashes.h */,
				7F30AC601AC8007700F85184 /* NSString+Hashes.m */,
			);
			name = "NSString+Hashes";
			sourceTree = "<group>";
		};
		870FF5550BA184D3AE49116D /* Pods */ = {
			isa = PBXGroup;
			children = (
				C40F948E161298748CCD40DE /* Pods.debug.xcconfig */,
				C5DF7360311B9FAEEFD7DED7 /* Pods.release.xcconfig */,
			);
			name = Pods;
			sourceTree = "<group>";
		};
/* End PBXGroup section */

/* Begin PBXNativeTarget section */
		7F30AC071AC7FBF700F85184 /* MPUtils */ = {
			isa = PBXNativeTarget;
			buildConfigurationList = 7F30AC281AC7FBF800F85184 /* Build configuration list for PBXNativeTarget "MPUtils" */;
			buildPhases = (
				605DAF12697D47A27F97103C /* Check Pods Manifest.lock */,
				7F30AC041AC7FBF700F85184 /* Sources */,
				7F30AC051AC7FBF700F85184 /* Frameworks */,
				7F30AC061AC7FBF700F85184 /* Resources */,
				7F30AC331AC7FC1E00F85184 /* Embed Frameworks */,
				CFF12AB1A356CEABC44497E1 /* Copy Pods Resources */,
			);
			buildRules = (
			);
			dependencies = (
			);
			name = MPUtils;
			productName = MPUtils;
			productReference = 7F30AC081AC7FBF700F85184 /* MPUtils.app */;
			productType = "com.apple.product-type.application";
		};
		7F30AC1D1AC7FBF800F85184 /* MPUtilsTests */ = {
			isa = PBXNativeTarget;
			buildConfigurationList = 7F30AC2B1AC7FBF800F85184 /* Build configuration list for PBXNativeTarget "MPUtilsTests" */;
			buildPhases = (
				7F30AC1A1AC7FBF800F85184 /* Sources */,
				7F30AC1B1AC7FBF800F85184 /* Frameworks */,
				7F30AC1C1AC7FBF800F85184 /* Resources */,
			);
			buildRules = (
			);
			dependencies = (
				7F30AC201AC7FBF800F85184 /* PBXTargetDependency */,
			);
			name = MPUtilsTests;
			productName = MPUtilsTests;
			productReference = 7F30AC1E1AC7FBF800F85184 /* MPUtilsTests.xctest */;
			productType = "com.apple.product-type.bundle.unit-test";
		};
/* End PBXNativeTarget section */

/* Begin PBXProject section */
		7F30AC001AC7FBF700F85184 /* Project object */ = {
			isa = PBXProject;
			attributes = {
				LastUpgradeCheck = 0630;
				ORGANIZATIONNAME = "Jared McFarland";
				TargetAttributes = {
					7F30AC071AC7FBF700F85184 = {
						CreatedOnToolsVersion = 6.1.1;
						DevelopmentTeam = P63LP2LEL5;
					};
					7F30AC1D1AC7FBF800F85184 = {
						CreatedOnToolsVersion = 6.1.1;
						TestTargetID = 7F30AC071AC7FBF700F85184;
					};
				};
			};
			buildConfigurationList = 7F30AC031AC7FBF700F85184 /* Build configuration list for PBXProject "MPUtils" */;
			compatibilityVersion = "Xcode 3.2";
			developmentRegion = English;
			hasScannedForEncodings = 0;
			knownRegions = (
				en,
				Base,
			);
			mainGroup = 7F30ABFF1AC7FBF700F85184;
			productRefGroup = 7F30AC091AC7FBF700F85184 /* Products */;
			projectDirPath = "";
			projectRoot = "";
			targets = (
				7F30AC071AC7FBF700F85184 /* MPUtils */,
				7F30AC1D1AC7FBF800F85184 /* MPUtilsTests */,
			);
		};
/* End PBXProject section */

/* Begin PBXResourcesBuildPhase section */
		7F30AC061AC7FBF700F85184 /* Resources */ = {
			isa = PBXResourcesBuildPhase;
			buildActionMask = 2147483647;
			files = (
				7F30AC161AC7FBF700F85184 /* Images.xcassets in Resources */,
				7F30AC191AC7FBF800F85184 /* Main.storyboard in Resources */,
			);
			runOnlyForDeploymentPostprocessing = 0;
		};
		7F30AC1C1AC7FBF800F85184 /* Resources */ = {
			isa = PBXResourcesBuildPhase;
			buildActionMask = 2147483647;
			files = (
			);
			runOnlyForDeploymentPostprocessing = 0;
		};
/* End PBXResourcesBuildPhase section */

/* Begin PBXShellScriptBuildPhase section */
		605DAF12697D47A27F97103C /* Check Pods Manifest.lock */ = {
			isa = PBXShellScriptBuildPhase;
			buildActionMask = 2147483647;
			files = (
			);
			inputPaths = (
			);
			name = "Check Pods Manifest.lock";
			outputPaths = (
			);
			runOnlyForDeploymentPostprocessing = 0;
			shellPath = /bin/sh;
			shellScript = "diff \"${PODS_ROOT}/../Podfile.lock\" \"${PODS_ROOT}/Manifest.lock\" > /dev/null\nif [[ $? != 0 ]] ; then\n    cat << EOM\nerror: The sandbox is not in sync with the Podfile.lock. Run 'pod install' or update your CocoaPods installation.\nEOM\n    exit 1\nfi\n";
			showEnvVarsInLog = 0;
		};
		CFF12AB1A356CEABC44497E1 /* Copy Pods Resources */ = {
			isa = PBXShellScriptBuildPhase;
			buildActionMask = 2147483647;
			files = (
			);
			inputPaths = (
			);
			name = "Copy Pods Resources";
			outputPaths = (
			);
			runOnlyForDeploymentPostprocessing = 0;
			shellPath = /bin/sh;
			shellScript = "\"${SRCROOT}/Pods/Target Support Files/Pods/Pods-resources.sh\"\n";
			showEnvVarsInLog = 0;
		};
/* End PBXShellScriptBuildPhase section */

/* Begin PBXSourcesBuildPhase section */
		7F30AC041AC7FBF700F85184 /* Sources */ = {
			isa = PBXSourcesBuildPhase;
			buildActionMask = 2147483647;
			files = (
				7F862C7B1AD5885900968B1D /* ProjectEditViewController.m in Sources */,
				7F30AC141AC7FBF700F85184 /* ViewController.m in Sources */,
				7F609C771AC845EF00807CA6 /* CSVWriter.m in Sources */,
				7F30AC111AC7FBF700F85184 /* main.m in Sources */,
				7F30AC0F1AC7FBF700F85184 /* AppDelegate.m in Sources */,
				7F30AC611AC8007700F85184 /* NSString+Hashes.m in Sources */,
				7F087F071B46EF130044A9B9 /* JSONWriter.m in Sources */,
				7F30AC581AC7FE6E00F85184 /* MPUConstants.m in Sources */,
				7F30AC551AC7FD1700F85184 /* ExportRequest.m in Sources */,
				7F30AC5C1AC7FE8700F85184 /* NewProjectViewController.m in Sources */,
				7F30AC481AC7FCC300F85184 /* CHCSVParser.m in Sources */,
			);
			runOnlyForDeploymentPostprocessing = 0;
		};
		7F30AC1A1AC7FBF800F85184 /* Sources */ = {
			isa = PBXSourcesBuildPhase;
			buildActionMask = 2147483647;
			files = (
				7F30AC251AC7FBF800F85184 /* MPUtilsTests.m in Sources */,
			);
			runOnlyForDeploymentPostprocessing = 0;
		};
/* End PBXSourcesBuildPhase section */

/* Begin PBXTargetDependency section */
		7F30AC201AC7FBF800F85184 /* PBXTargetDependency */ = {
			isa = PBXTargetDependency;
			target = 7F30AC071AC7FBF700F85184 /* MPUtils */;
			targetProxy = 7F30AC1F1AC7FBF800F85184 /* PBXContainerItemProxy */;
		};
/* End PBXTargetDependency section */

/* Begin PBXVariantGroup section */
		7F30AC171AC7FBF800F85184 /* Main.storyboard */ = {
			isa = PBXVariantGroup;
			children = (
				7F30AC181AC7FBF800F85184 /* Base */,
			);
			name = Main.storyboard;
			path = ..;
			sourceTree = "<group>";
		};
/* End PBXVariantGroup section */

/* Begin XCBuildConfiguration section */
		7F30AC261AC7FBF800F85184 /* Debug */ = {
			isa = XCBuildConfiguration;
			buildSettings = {
				ALWAYS_SEARCH_USER_PATHS = NO;
				CLANG_CXX_LANGUAGE_STANDARD = "gnu++0x";
				CLANG_CXX_LIBRARY = "libc++";
				CLANG_ENABLE_MODULES = YES;
				CLANG_ENABLE_OBJC_ARC = YES;
				CLANG_WARN_BOOL_CONVERSION = YES;
				CLANG_WARN_CONSTANT_CONVERSION = YES;
				CLANG_WARN_DIRECT_OBJC_ISA_USAGE = YES_ERROR;
				CLANG_WARN_EMPTY_BODY = YES;
				CLANG_WARN_ENUM_CONVERSION = YES;
				CLANG_WARN_INT_CONVERSION = YES;
				CLANG_WARN_OBJC_ROOT_CLASS = YES_ERROR;
				CLANG_WARN_UNREACHABLE_CODE = YES;
				CLANG_WARN__DUPLICATE_METHOD_MATCH = YES;
				CODE_SIGN_IDENTITY = "Mac Developer";
				COPY_PHASE_STRIP = NO;
				ENABLE_STRICT_OBJC_MSGSEND = YES;
				GCC_C_LANGUAGE_STANDARD = gnu99;
				GCC_DYNAMIC_NO_PIC = NO;
				GCC_OPTIMIZATION_LEVEL = 0;
				GCC_PREPROCESSOR_DEFINITIONS = (
					"DEBUG=1",
					"$(inherited)",
				);
				GCC_SYMBOLS_PRIVATE_EXTERN = NO;
				GCC_WARN_64_TO_32_BIT_CONVERSION = YES;
				GCC_WARN_ABOUT_RETURN_TYPE = YES_ERROR;
				GCC_WARN_UNDECLARED_SELECTOR = YES;
				GCC_WARN_UNINITIALIZED_AUTOS = YES_AGGRESSIVE;
				GCC_WARN_UNUSED_FUNCTION = YES;
				GCC_WARN_UNUSED_VARIABLE = YES;
				MACOSX_DEPLOYMENT_TARGET = 10.10;
				MTL_ENABLE_DEBUG_INFO = YES;
				ONLY_ACTIVE_ARCH = YES;
				SDKROOT = macosx;
			};
			name = Debug;
		};
		7F30AC271AC7FBF800F85184 /* Release */ = {
			isa = XCBuildConfiguration;
			buildSettings = {
				ALWAYS_SEARCH_USER_PATHS = NO;
				CLANG_CXX_LANGUAGE_STANDARD = "gnu++0x";
				CLANG_CXX_LIBRARY = "libc++";
				CLANG_ENABLE_MODULES = YES;
				CLANG_ENABLE_OBJC_ARC = YES;
				CLANG_WARN_BOOL_CONVERSION = YES;
				CLANG_WARN_CONSTANT_CONVERSION = YES;
				CLANG_WARN_DIRECT_OBJC_ISA_USAGE = YES_ERROR;
				CLANG_WARN_EMPTY_BODY = YES;
				CLANG_WARN_ENUM_CONVERSION = YES;
				CLANG_WARN_INT_CONVERSION = YES;
				CLANG_WARN_OBJC_ROOT_CLASS = YES_ERROR;
				CLANG_WARN_UNREACHABLE_CODE = YES;
				CLANG_WARN__DUPLICATE_METHOD_MATCH = YES;
				CODE_SIGN_IDENTITY = "Mac Developer";
				COPY_PHASE_STRIP = YES;
				DEBUG_INFORMATION_FORMAT = "dwarf-with-dsym";
				ENABLE_NS_ASSERTIONS = NO;
				ENABLE_STRICT_OBJC_MSGSEND = YES;
				GCC_C_LANGUAGE_STANDARD = gnu99;
				GCC_WARN_64_TO_32_BIT_CONVERSION = YES;
				GCC_WARN_ABOUT_RETURN_TYPE = YES_ERROR;
				GCC_WARN_UNDECLARED_SELECTOR = YES;
				GCC_WARN_UNINITIALIZED_AUTOS = YES_AGGRESSIVE;
				GCC_WARN_UNUSED_FUNCTION = YES;
				GCC_WARN_UNUSED_VARIABLE = YES;
				MACOSX_DEPLOYMENT_TARGET = 10.10;
				MTL_ENABLE_DEBUG_INFO = NO;
				SDKROOT = macosx;
			};
			name = Release;
		};
		7F30AC291AC7FBF800F85184 /* Debug */ = {
			isa = XCBuildConfiguration;
			baseConfigurationReference = C40F948E161298748CCD40DE /* Pods.debug.xcconfig */;
			buildSettings = {
				ASSETCATALOG_COMPILER_APPICON_NAME = AppIcon;
				CODE_SIGN_IDENTITY = "Developer ID Application";
				"CODE_SIGN_IDENTITY[sdk=macosx*]" = "Mac Developer";
				COMBINE_HIDPI_IMAGES = YES;
				FRAMEWORK_SEARCH_PATHS = (
					"$(inherited)",
					"$(PROJECT_DIR)/Frameworks",
				);
				GCC_PREPROCESSOR_DEFINITIONS = (
					"DEBUG=1",
					"$(inherited)",
				);
				INFOPLIST_FILE = MPUtils/Info.plist;
				LD_RUNPATH_SEARCH_PATHS = "$(inherited) @executable_path/../Frameworks";
				LIBRARY_SEARCH_PATHS = (
					"$(inherited)",
					"$(PROJECT_DIR)/Frameworks",
				);
				ONLY_ACTIVE_ARCH = YES;
				OTHER_LDFLAGS = (
					"$(inherited)",
					"-ObjC",
				);
				PRODUCT_NAME = "$(TARGET_NAME)";
				PROVISIONING_PROFILE = "";
			};
			name = Debug;
		};
		7F30AC2A1AC7FBF800F85184 /* Release */ = {
			isa = XCBuildConfiguration;
			baseConfigurationReference = C5DF7360311B9FAEEFD7DED7 /* Pods.release.xcconfig */;
			buildSettings = {
				ASSETCATALOG_COMPILER_APPICON_NAME = AppIcon;
				CODE_SIGN_IDENTITY = "Developer ID Application";
				"CODE_SIGN_IDENTITY[sdk=macosx*]" = "Mac Developer";
				COMBINE_HIDPI_IMAGES = YES;
				FRAMEWORK_SEARCH_PATHS = (
					"$(inherited)",
					"$(PROJECT_DIR)/Frameworks",
				);
				INFOPLIST_FILE = MPUtils/Info.plist;
				LD_RUNPATH_SEARCH_PATHS = "$(inherited) @executable_path/../Frameworks";
				LIBRARY_SEARCH_PATHS = (
					"$(inherited)",
					"$(PROJECT_DIR)/Frameworks",
				);
				ONLY_ACTIVE_ARCH = NO;
				OTHER_LDFLAGS = (
					"$(inherited)",
					"-ObjC",
				);
				PRODUCT_NAME = "$(TARGET_NAME)";
				PROVISIONING_PROFILE = "";
			};
			name = Release;
		};
		7F30AC2C1AC7FBF800F85184 /* Debug */ = {
			isa = XCBuildConfiguration;
			buildSettings = {
				BUNDLE_LOADER = "$(TEST_HOST)";
				COMBINE_HIDPI_IMAGES = YES;
				FRAMEWORK_SEARCH_PATHS = (
					"$(DEVELOPER_FRAMEWORKS_DIR)",
					"$(inherited)",
				);
				GCC_PREPROCESSOR_DEFINITIONS = (
					"DEBUG=1",
					"$(inherited)",
				);
				INFOPLIST_FILE = MPUtilsTests/Info.plist;
				LD_RUNPATH_SEARCH_PATHS = "$(inherited) @executable_path/../Frameworks @loader_path/../Frameworks";
				PRODUCT_NAME = "$(TARGET_NAME)";
				TEST_HOST = "$(BUILT_PRODUCTS_DIR)/MPUtils.app/Contents/MacOS/MPUtils";
			};
			name = Debug;
		};
		7F30AC2D1AC7FBF800F85184 /* Release */ = {
			isa = XCBuildConfiguration;
			buildSettings = {
				BUNDLE_LOADER = "$(TEST_HOST)";
				COMBINE_HIDPI_IMAGES = YES;
				FRAMEWORK_SEARCH_PATHS = (
					"$(DEVELOPER_FRAMEWORKS_DIR)",
					"$(inherited)",
				);
				INFOPLIST_FILE = MPUtilsTests/Info.plist;
				LD_RUNPATH_SEARCH_PATHS = "$(inherited) @executable_path/../Frameworks @loader_path/../Frameworks";
				PRODUCT_NAME = "$(TARGET_NAME)";
				TEST_HOST = "$(BUILT_PRODUCTS_DIR)/MPUtils.app/Contents/MacOS/MPUtils";
			};
			name = Release;
		};
/* End XCBuildConfiguration section */

/* Begin XCConfigurationList section */
		7F30AC031AC7FBF700F85184 /* Build configuration list for PBXProject "MPUtils" */ = {
			isa = XCConfigurationList;
			buildConfigurations = (
				7F30AC261AC7FBF800F85184 /* Debug */,
				7F30AC271AC7FBF800F85184 /* Release */,
			);
			defaultConfigurationIsVisible = 0;
			defaultConfigurationName = Release;
		};
		7F30AC281AC7FBF800F85184 /* Build configuration list for PBXNativeTarget "MPUtils" */ = {
			isa = XCConfigurationList;
			buildConfigurations = (
				7F30AC291AC7FBF800F85184 /* Debug */,
				7F30AC2A1AC7FBF800F85184 /* Release */,
			);
			defaultConfigurationIsVisible = 0;
			defaultConfigurationName = Release;
		};
		7F30AC2B1AC7FBF800F85184 /* Build configuration list for PBXNativeTarget "MPUtilsTests" */ = {
			isa = XCConfigurationList;
			buildConfigurations = (
				7F30AC2C1AC7FBF800F85184 /* Debug */,
				7F30AC2D1AC7FBF800F85184 /* Release */,
			);
			defaultConfigurationIsVisible = 0;
			defaultConfigurationName = Release;
		};
/* End XCConfigurationList section */
	};
	rootObject = 7F30AC001AC7FBF700F85184 /* Project object */;
}
